
Microsoft Visual Studio Solution File, Format Version 12.00
# Visual Studio Version 17
VisualStudioVersion = 17.0.31903.59
MinimumVisualStudioVersion = 10.0.40219.1
Project("{FAE04EC0-301F-11D3-BF4B-00C04F79EFBC}") = "ReleaseOrchestrator.Core", "ReleaseOrchestrator.Core\ReleaseOrchestrator.Core.csproj", "{2E98DDB1-DB3B-467E-B02A-F9B56D2FFCFD}"
EndProject
Project("{FAE04EC0-301F-11D3-BF4B-00C04F79EFBC}") = "ReleaseOrchestrator.Application", "ReleaseOrchestrator.Application\ReleaseOrchestrator.Application.csproj", "{0C6C732E-88D4-432F-A255-5FA6BF4D0BF1}"
EndProject
Project("{FAE04EC0-301F-11D3-BF4B-00C04F79EFBC}") = "ReleaseOrchestrator.Infrastructure", "ReleaseOrchestrator.Infrastructure\ReleaseOrchestrator.Infrastructure.csproj", "{5157C70D-0A2E-49EE-8FBA-DEC87232D272}"
EndProject
Project("{FAE04EC0-301F-11D3-BF4B-00C04F79EFBC}") = "ReleaseOrchestrator.Migrations.MsSql", "ReleaseOrchestrator.Migrations.MsSql\ReleaseOrchestrator.Migrations.MsSql.csproj", "{69F79FAA-E503-458C-9CBE-154B0E2EAF7F}"
EndProject
Project("{FAE04EC0-301F-11D3-BF4B-00C04F79EFBC}") = "ReleaseOrchestrator.Ingress.Webhooks", "ReleaseOrchestrator.Ingress.Webhooks\ReleaseOrchestrator.Ingress.Webhooks.csproj", "{1321DE5C-9092-4492-A5BE-56CEF861A8D3}"
EndProject
Project("{FAE04EC0-301F-11D3-BF4B-00C04F79EFBC}") = "ReleaseOrchestrator.Web", "ReleaseOrchestrator.Web\ReleaseOrchestrator.Web.csproj", "{2C87F6FD-D105-49F1-BB0F-8D625326494C}"
EndProject
Project("{FAE04EC0-301F-11D3-BF4B-00C04F79EFBC}") = "ReleaseOrchestrator.Pwa", "ReleaseOrchestrator.Pwa\ReleaseOrchestrator.Pwa.csproj", "{FE7E49D1-D9CF-4E77-94AC-46540B4D22B9}"
EndProject
Project("{FAE04EC0-301F-11D3-BF4B-00C04F79EFBC}") = "ReleaseOrchestrator.UnitTests", "..\tests\ReleaseOrchestrator.UnitTests\ReleaseOrchestrator.UnitTests.csproj", "{09535592-DBB1-4BC9-B91A-AA911E911582}"
EndProject
Global
	GlobalSection(SolutionConfigurationPlatforms) = preSolution
		Debug|Any CPU = Debug|Any CPU
		Debug|x64 = Debug|x64
		Debug|x86 = Debug|x86
		Release|Any CPU = Release|Any CPU
		Release|x64 = Release|x64
		Release|x86 = Release|x86
	EndGlobalSection
	GlobalSection(ProjectConfigurationPlatforms) = postSolution
		{2E98DDB1-DB3B-467E-B02A-F9B56D2FFCFD}.Debug|Any CPU.ActiveCfg = Debug|Any CPU
		{2E98DDB1-DB3B-467E-B02A-F9B56D2FFCFD}.Debug|Any CPU.Build.0 = Debug|Any CPU
		{2E98DDB1-DB3B-467E-B02A-F9B56D2FFCFD}.Debug|x64.ActiveCfg = Debug|Any CPU
		{2E98DDB1-DB3B-467E-B02A-F9B56D2FFCFD}.Debug|x64.Build.0 = Debug|Any CPU
		{2E98DDB1-DB3B-467E-B02A-F9B56D2FFCFD}.Debug|x86.ActiveCfg = Debug|Any CPU
		{2E98DDB1-DB3B-467E-B02A-F9B56D2FFCFD}.Debug|x86.Build.0 = Debug|Any CPU
		{2E98DDB1-DB3B-467E-B02A-F9B56D2FFCFD}.Release|Any CPU.ActiveCfg = Release|Any CPU
		{2E98DDB1-DB3B-467E-B02A-F9B56D2FFCFD}.Release|Any CPU.Build.0 = Release|Any CPU
		{2E98DDB1-DB3B-467E-B02A-F9B56D2FFCFD}.Release|x64.ActiveCfg = Release|Any CPU
		{2E98DDB1-DB3B-467E-B02A-F9B56D2FFCFD}.Release|x64.Build.0 = Release|Any CPU
		{2E98DDB1-DB3B-467E-B02A-F9B56D2FFCFD}.Release|x86.ActiveCfg = Release|Any CPU
		{2E98DDB1-DB3B-467E-B02A-F9B56D2FFCFD}.Release|x86.Build.0 = Release|Any CPU
		{0C6C732E-88D4-432F-A255-5FA6BF4D0BF1}.Debug|Any CPU.ActiveCfg = Debug|Any CPU
		{0C6C732E-88D4-432F-A255-5FA6BF4D0BF1}.Debug|Any CPU.Build.0 = Debug|Any CPU
		{0C6C732E-88D4-432F-A255-5FA6BF4D0BF1}.Debug|x64.ActiveCfg = Debug|Any CPU
		{0C6C732E-88D4-432F-A255-5FA6BF4D0BF1}.Debug|x64.Build.0 = Debug|Any CPU
		{0C6C732E-88D4-432F-A255-5FA6BF4D0BF1}.Debug|x86.ActiveCfg = Debug|Any CPU
		{0C6C732E-88D4-432F-A255-5FA6BF4D0BF1}.Debug|x86.Build.0 = Debug|Any CPU
		{0C6C732E-88D4-432F-A255-5FA6BF4D0BF1}.Release|Any CPU.ActiveCfg = Release|Any CPU
		{0C6C732E-88D4-432F-A255-5FA6BF4D0BF1}.Release|Any CPU.Build.0 = Release|Any CPU
		{0C6C732E-88D4-432F-A255-5FA6BF4D0BF1}.Release|x64.ActiveCfg = Release|Any CPU
		{0C6C732E-88D4-432F-A255-5FA6BF4D0BF1}.Release|x64.Build.0 = Release|Any CPU
		{0C6C732E-88D4-432F-A255-5FA6BF4D0BF1}.Release|x86.ActiveCfg = Release|Any CPU
		{0C6C732E-88D4-432F-A255-5FA6BF4D0BF1}.Release|x86.Build.0 = Release|Any CPU
		{5157C70D-0A2E-49EE-8FBA-DEC87232D272}.Debug|Any CPU.ActiveCfg = Debug|Any CPU
		{5157C70D-0A2E-49EE-8FBA-DEC87232D272}.Debug|Any CPU.Build.0 = Debug|Any CPU
		{5157C70D-0A2E-49EE-8FBA-DEC87232D272}.Debug|x64.ActiveCfg = Debug|Any CPU
		{5157C70D-0A2E-49EE-8FBA-DEC87232D272}.Debug|x64.Build.0 = Debug|Any CPU
		{5157C70D-0A2E-49EE-8FBA-DEC87232D272}.Debug|x86.ActiveCfg = Debug|Any CPU
		{5157C70D-0A2E-49EE-8FBA-DEC87232D272}.Debug|x86.Build.0 = Debug|Any CPU
		{5157C70D-0A2E-49EE-8FBA-DEC87232D272}.Release|Any CPU.ActiveCfg = Release|Any CPU
		{5157C70D-0A2E-49EE-8FBA-DEC87232D272}.Release|Any CPU.Build.0 = Release|Any CPU
		{5157C70D-0A2E-49EE-8FBA-DEC87232D272}.Release|x64.ActiveCfg = Release|Any CPU
		{5157C70D-0A2E-49EE-8FBA-DEC87232D272}.Release|x64.Build.0 = Release|Any CPU
		{5157C70D-0A2E-49EE-8FBA-DEC87232D272}.Release|x86.ActiveCfg = Release|Any CPU
		{5157C70D-0A2E-49EE-8FBA-DEC87232D272}.Release|x86.Build.0 = Release|Any CPU
		{69F79FAA-E503-458C-9CBE-154B0E2EAF7F}.Debug|Any CPU.ActiveCfg = Debug|Any CPU
		{69F79FAA-E503-458C-9CBE-154B0E2EAF7F}.Debug|Any CPU.Build.0 = Debug|Any CPU
		{69F79FAA-E503-458C-9CBE-154B0E2EAF7F}.Debug|x64.ActiveCfg = Debug|Any CPU
		{69F79FAA-E503-458C-9CBE-154B0E2EAF7F}.Debug|x64.Build.0 = Debug|Any CPU
		{69F79FAA-E503-458C-9CBE-154B0E2EAF7F}.Debug|x86.ActiveCfg = Debug|Any CPU
		{69F79FAA-E503-458C-9CBE-154B0E2EAF7F}.Debug|x86.Build.0 = Debug|Any CPU
		{69F79FAA-E503-458C-9CBE-154B0E2EAF7F}.Release|Any CPU.ActiveCfg = Release|Any CPU
		{69F79FAA-E503-458C-9CBE-154B0E2EAF7F}.Release|Any CPU.Build.0 = Release|Any CPU
		{69F79FAA-E503-458C-9CBE-154B0E2EAF7F}.Release|x64.ActiveCfg = Release|Any CPU
		{69F79FAA-E503-458C-9CBE-154B0E2EAF7F}.Release|x64.Build.0 = Release|Any CPU
		{69F79FAA-E503-458C-9CBE-154B0E2EAF7F}.Release|x86.ActiveCfg = Release|Any CPU
		{69F79FAA-E503-458C-9CBE-154B0E2EAF7F}.Release|x86.Build.0 = Release|Any CPU
		{1321DE5C-9092-4492-A5BE-56CEF861A8D3}.Debug|Any CPU.ActiveCfg = Debug|Any CPU
		{1321DE5C-9092-4492-A5BE-56CEF861A8D3}.Debug|Any CPU.Build.0 = Debug|Any CPU
		{1321DE5C-9092-4492-A5BE-56CEF861A8D3}.Debug|x64.ActiveCfg = Debug|Any CPU
		{1321DE5C-9092-4492-A5BE-56CEF861A8D3}.Debug|x64.Build.0 = Debug|Any CPU
		{1321DE5C-9092-4492-A5BE-56CEF861A8D3}.Debug|x86.ActiveCfg = Debug|Any CPU
		{1321DE5C-9092-4492-A5BE-56CEF861A8D3}.Debug|x86.Build.0 = Debug|Any CPU
		{1321DE5C-9092-4492-A5BE-56CEF861A8D3}.Release|Any CPU.ActiveCfg = Release|Any CPU
		{1321DE5C-9092-4492-A5BE-56CEF861A8D3}.Release|Any CPU.Build.0 = Release|Any CPU
		{1321DE5C-9092-4492-A5BE-56CEF861A8D3}.Release|x64.ActiveCfg = Release|Any CPU
		{1321DE5C-9092-4492-A5BE-56CEF861A8D3}.Release|x64.Build.0 = Release|Any CPU
		{1321DE5C-9092-4492-A5BE-56CEF861A8D3}.Release|x86.ActiveCfg = Release|Any CPU
		{1321DE5C-9092-4492-A5BE-56CEF861A8D3}.Release|x86.Build.0 = Release|Any CPU
		{2C87F6FD-D105-49F1-BB0F-8D625326494C}.Debug|Any CPU.ActiveCfg = Debug|Any CPU
		{2C87F6FD-D105-49F1-BB0F-8D625326494C}.Debug|Any CPU.Build.0 = Debug|Any CPU
		{2C87F6FD-D105-49F1-BB0F-8D625326494C}.Debug|x64.ActiveCfg = Debug|Any CPU
		{2C87F6FD-D105-49F1-BB0F-8D625326494C}.Debug|x64.Build.0 = Debug|Any CPU
		{2C87F6FD-D105-49F1-BB0F-8D625326494C}.Debug|x86.ActiveCfg = Debug|Any CPU
		{2C87F6FD-D105-49F1-BB0F-8D625326494C}.Debug|x86.Build.0 = Debug|Any CPU
		{2C87F6FD-D105-49F1-BB0F-8D625326494C}.Release|Any CPU.ActiveCfg = Release|Any CPU
		{2C87F6FD-D105-49F1-BB0F-8D625326494C}.Release|Any CPU.Build.0 = Release|Any CPU
		{2C87F6FD-D105-49F1-BB0F-8D625326494C}.Release|x64.ActiveCfg = Release|Any CPU
		{2C87F6FD-D105-49F1-BB0F-8D625326494C}.Release|x64.Build.0 = Release|Any CPU
		{2C87F6FD-D105-49F1-BB0F-8D625326494C}.Release|x86.ActiveCfg = Release|Any CPU
		{2C87F6FD-D105-49F1-BB0F-8D625326494C}.Release|x86.Build.0 = Release|Any CPU
		{FE7E49D1-D9CF-4E77-94AC-46540B4D22B9}.Debug|Any CPU.ActiveCfg = Debug|Any CPU
		{FE7E49D1-D9CF-4E77-94AC-46540B4D22B9}.Debug|Any CPU.Build.0 = Debug|Any CPU
		{FE7E49D1-D9CF-4E77-94AC-46540B4D22B9}.Debug|x64.ActiveCfg = Debug|Any CPU
		{FE7E49D1-D9CF-4E77-94AC-46540B4D22B9}.Debug|x64.Build.0 = Debug|Any CPU
		{FE7E49D1-D9CF-4E77-94AC-46540B4D22B9}.Debug|x86.ActiveCfg = Debug|Any CPU
		{FE7E49D1-D9CF-4E77-94AC-46540B4D22B9}.Debug|x86.Build.0 = Debug|Any CPU
		{FE7E49D1-D9CF-4E77-94AC-46540B4D22B9}.Release|Any CPU.ActiveCfg = Release|Any CPU
		{FE7E49D1-D9CF-4E77-94AC-46540B4D22B9}.Release|Any CPU.Build.0 = Release|Any CPU
		{FE7E49D1-D9CF-4E77-94AC-46540B4D22B9}.Release|x64.ActiveCfg = Release|Any CPU
		{FE7E49D1-D9CF-4E77-94AC-46540B4D22B9}.Release|x64.Build.0 = Release|Any CPU
		{FE7E49D1-D9CF-4E77-94AC-46540B4D22B9}.Release|x86.ActiveCfg = Release|Any CPU
		{FE7E49D1-D9CF-4E77-94AC-46540B4D22B9}.Release|x86.Build.0 = Release|Any CPU
		{09535592-DBB1-4BC9-B91A-AA911E911582}.Debug|Any CPU.ActiveCfg = Debug|Any CPU
		{09535592-DBB1-4BC9-B91A-AA911E911582}.Debug|Any CPU.Build.0 = Debug|Any CPU
		{09535592-DBB1-4BC9-B91A-AA911E911582}.Debug|x64.ActiveCfg = Debug|Any CPU
		{09535592-DBB1-4BC9-B91A-AA911E911582}.Debug|x64.Build.0 = Debug|Any CPU
		{09535592-DBB1-4BC9-B91A-AA911E911582}.Debug|x86.ActiveCfg = Debug|Any CPU
		{09535592-DBB1-4BC9-B91A-AA911E911582}.Debug|x86.Build.0 = Debug|Any CPU
		{09535592-DBB1-4BC9-B91A-AA911E911582}.Release|Any CPU.ActiveCfg = Release|Any CPU
		{09535592-DBB1-4BC9-B91A-AA911E911582}.Release|Any CPU.Build.0 = Release|Any CPU
		{09535592-DBB1-4BC9-B91A-AA911E911582}.Release|x64.ActiveCfg = Release|Any CPU
		{09535592-DBB1-4BC9-B91A-AA911E911582}.Release|x64.Build.0 = Release|Any CPU
		{09535592-DBB1-4BC9-B91A-AA911E911582}.Release|x86.ActiveCfg = Release|Any CPU
		{09535592-DBB1-4BC9-B91A-AA911E911582}.Release|x86.Build.0 = Release|Any CPU
	EndGlobalSection
	GlobalSection(SolutionProperties) = preSolution
		HideSolutionNode = FALSE
	EndGlobalSection
EndGlobal
